
Microsoft Visual Studio Solution File, Format Version 12.00
# Visual Studio Version 17
VisualStudioVersion = 17.11.35303.130
MinimumVisualStudioVersion = 10.0.40219.1
Project("{9A19103F-16F7-4668-BE54-9A1E7A4F7556}") = "FilmesApi", "FilmesApi\FilmesApi.csproj", "{8B7224AE-A407-4A1F-B3C9-8DFB8AF517A0}"
EndProject
Global
	GlobalSection(SolutionConfigurationPlatforms) = preSolution
		Debug|Any CPU = Debug|Any CPU
		Release|Any CPU = Release|Any CPU
	EndGlobalSection
	GlobalSection(ProjectConfigurationPlatforms) = postSolution
		{8B7224AE-A407-4A1F-B3C9-8DFB8AF517A0}.Debug|Any CPU.ActiveCfg = Debug|Any CPU
		{8B7224AE-A407-4A1F-B3C9-8DFB8AF517A0}.Debug|Any CPU.Build.0 = Debug|Any CPU
		{8B7224AE-A407-4A1F-B3C9-8DFB8AF517A0}.Release|Any CPU.ActiveCfg = Release|Any CPU
		{8B7224AE-A407-4A1F-B3C9-8DFB8AF517A0}.Release|Any CPU.Build.0 = Release|Any CPU
	EndGlobalSection
	GlobalSection(SolutionProperties) = preSolution
		HideSolutionNode = FALSE
	EndGlobalSection
	GlobalSection(ExtensibilityGlobals) = postSolution
		SolutionGuid = {18B6C91E-64F8-4098-8A3C-FAF2F4BC0B75}
	EndGlobalSection
EndGlobal
